
Microsoft Visual Studio Solution File, Format Version 12.00
# Visual Studio Version 16
VisualStudioVersion = 16.0.31105.61
MinimumVisualStudioVersion = 10.0.40219.1
Project("{FAE04EC0-301F-11D3-BF4B-00C04F79EFBC}") = "Needs.API", "Needs.API\Needs.API.csproj", "{B1BAD257-2FAD-40D3-9D6F-05C83D88FB09}"
EndProject
Project("{FAE04EC0-301F-11D3-BF4B-00C04F79EFBC}") = "Needs.Core", "Needs.Core\Needs.Core.csproj", "{BD5103BB-8DBD-4B81-BB42-C82135E94026}"
EndProject
Project("{2150E333-8FDC-42A3-9474-1A3956D46DE8}") = "0 - Core", "0 - Core", "{9C430706-58D2-4E53-8677-A76043A72B6B}"
EndProject
Project("{2150E333-8FDC-42A3-9474-1A3956D46DE8}") = "1 - Presentation", "1 - Presentation", "{D13F0A16-823C-4D06-8B13-43C6E9231742}"
EndProject
Global
	GlobalSection(SolutionConfigurationPlatforms) = preSolution
		Debug|Any CPU = Debug|Any CPU
		Release|Any CPU = Release|Any CPU
	EndGlobalSection
	GlobalSection(ProjectConfigurationPlatforms) = postSolution
		{B1BAD257-2FAD-40D3-9D6F-05C83D88FB09}.Debug|Any CPU.ActiveCfg = Debug|Any CPU
		{B1BAD257-2FAD-40D3-9D6F-05C83D88FB09}.Debug|Any CPU.Build.0 = Debug|Any CPU
		{B1BAD257-2FAD-40D3-9D6F-05C83D88FB09}.Release|Any CPU.ActiveCfg = Release|Any CPU
		{B1BAD257-2FAD-40D3-9D6F-05C83D88FB09}.Release|Any CPU.Build.0 = Release|Any CPU
		{BD5103BB-8DBD-4B81-BB42-C82135E94026}.Debug|Any CPU.ActiveCfg = Debug|Any CPU
		{BD5103BB-8DBD-4B81-BB42-C82135E94026}.Debug|Any CPU.Build.0 = Debug|Any CPU
		{BD5103BB-8DBD-4B81-BB42-C82135E94026}.Release|Any CPU.ActiveCfg = Release|Any CPU
		{BD5103BB-8DBD-4B81-BB42-C82135E94026}.Release|Any CPU.Build.0 = Release|Any CPU
	EndGlobalSection
	GlobalSection(SolutionProperties) = preSolution
		HideSolutionNode = FALSE
	EndGlobalSection
	GlobalSection(NestedProjects) = preSolution
		{B1BAD257-2FAD-40D3-9D6F-05C83D88FB09} = {D13F0A16-823C-4D06-8B13-43C6E9231742}
		{BD5103BB-8DBD-4B81-BB42-C82135E94026} = {9C430706-58D2-4E53-8677-A76043A72B6B}
	EndGlobalSection
	GlobalSection(ExtensibilityGlobals) = postSolution
		SolutionGuid = {0FEEDE0F-0CCF-4B2B-9E2E-95D9DEA3449B}
	EndGlobalSection
EndGlobal
